// !$*UTF8*$!
{
	archiveVersion = 1;
	classes = {
	};
	objectVersion = 56;
	objects = {

/* Begin PBXBuildFile section */
		74B8D39E2A0AA51800FC63E5 /* AppDelegate.swift in Sources */ = {isa = PBXBuildFile; fileRef = 74B8D39D2A0AA51800FC63E5 /* AppDelegate.swift */; };
		74B8D3A02A0AA51800FC63E5 /* SceneDelegate.swift in Sources */ = {isa = PBXBuildFile; fileRef = 74B8D39F2A0AA51800FC63E5 /* SceneDelegate.swift */; };
		74B8D3A22A0AA51800FC63E5 /* CategoryViewController.swift in Sources */ = {isa = PBXBuildFile; fileRef = 74B8D3A12A0AA51800FC63E5 /* CategoryViewController.swift */; };
		74B8D3A52A0AA51800FC63E5 /* Main.storyboard in Resources */ = {isa = PBXBuildFile; fileRef = 74B8D3A32A0AA51800FC63E5 /* Main.storyboard */; };
		74B8D3A72A0AA51800FC63E5 /* Assets.xcassets in Resources */ = {isa = PBXBuildFile; fileRef = 74B8D3A62A0AA51800FC63E5 /* Assets.xcassets */; };
		74B8D3AA2A0AA51800FC63E5 /* LaunchScreen.storyboard in Resources */ = {isa = PBXBuildFile; fileRef = 74B8D3A82A0AA51800FC63E5 /* LaunchScreen.storyboard */; };
		74B8D3BA2A0AA76F00FC63E5 /* CategoryCollectionViewCell.swift in Sources */ = {isa = PBXBuildFile; fileRef = 74B8D3B92A0AA76F00FC63E5 /* CategoryCollectionViewCell.swift */; };
		74B8D3BD2A0AA86200FC63E5 /* Genre.swift in Sources */ = {isa = PBXBuildFile; fileRef = 74B8D3BC2A0AA86200FC63E5 /* Genre.swift */; };
		74B8D3C02A0AAA2B00FC63E5 /* APICaller.swift in Sources */ = {isa = PBXBuildFile; fileRef = 74B8D3BF2A0AAA2B00FC63E5 /* APICaller.swift */; };
		74B8D3C22A0ABC3200FC63E5 /* Artist.swift in Sources */ = {isa = PBXBuildFile; fileRef = 74B8D3C12A0ABC3200FC63E5 /* Artist.swift */; };
		74B8D3C62A0ABE6200FC63E5 /* ArtistViewController.swift in Sources */ = {isa = PBXBuildFile; fileRef = 74B8D3C52A0ABE6200FC63E5 /* ArtistViewController.swift */; };
		74B8D3C92A0ABEBE00FC63E5 /* ArtistCollectionViewCell.swift in Sources */ = {isa = PBXBuildFile; fileRef = 74B8D3C82A0ABEBE00FC63E5 /* ArtistCollectionViewCell.swift */; };
		74B8D3CD2A0AC8EA00FC63E5 /* AlbumViewController.swift in Sources */ = {isa = PBXBuildFile; fileRef = 74B8D3CC2A0AC8EA00FC63E5 /* AlbumViewController.swift */; };
		74B8D3D02A0ACA1200FC63E5 /* AlbumTableViewCell.swift in Sources */ = {isa = PBXBuildFile; fileRef = 74B8D3CF2A0ACA1200FC63E5 /* AlbumTableViewCell.swift */; };
		74B8D3D22A0ACCC400FC63E5 /* ArtistAlbums.swift in Sources */ = {isa = PBXBuildFile; fileRef = 74B8D3D12A0ACCC400FC63E5 /* ArtistAlbums.swift */; };
/* End PBXBuildFile section */

/* Begin PBXFileReference section */
		74B8D39A2A0AA51800FC63E5 /* DeezerApp.app */ = {isa = PBXFileReference; explicitFileType = wrapper.application; includeInIndex = 0; path = DeezerApp.app; sourceTree = BUILT_PRODUCTS_DIR; };
		74B8D39D2A0AA51800FC63E5 /* AppDelegate.swift */ = {isa = PBXFileReference; lastKnownFileType = sourcecode.swift; path = AppDelegate.swift; sourceTree = "<group>"; };
		74B8D39F2A0AA51800FC63E5 /* SceneDelegate.swift */ = {isa = PBXFileReference; lastKnownFileType = sourcecode.swift; path = SceneDelegate.swift; sourceTree = "<group>"; };
		74B8D3A12A0AA51800FC63E5 /* CategoryViewController.swift */ = {isa = PBXFileReference; lastKnownFileType = sourcecode.swift; path = CategoryViewController.swift; sourceTree = "<group>"; };
		74B8D3A42A0AA51800FC63E5 /* Base */ = {isa = PBXFileReference; lastKnownFileType = file.storyboard; name = Base; path = Base.lproj/Main.storyboard; sourceTree = "<group>"; };
		74B8D3A62A0AA51800FC63E5 /* Assets.xcassets */ = {isa = PBXFileReference; lastKnownFileType = folder.assetcatalog; path = Assets.xcassets; sourceTree = "<group>"; };
		74B8D3A92A0AA51800FC63E5 /* Base */ = {isa = PBXFileReference; lastKnownFileType = file.storyboard; name = Base; path = Base.lproj/LaunchScreen.storyboard; sourceTree = "<group>"; };
		74B8D3AB2A0AA51800FC63E5 /* Info.plist */ = {isa = PBXFileReference; lastKnownFileType = text.plist.xml; path = Info.plist; sourceTree = "<group>"; };
		74B8D3B92A0AA76F00FC63E5 /* CategoryCollectionViewCell.swift */ = {isa = PBXFileReference; lastKnownFileType = sourcecode.swift; path = CategoryCollectionViewCell.swift; sourceTree = "<group>"; };
		74B8D3BC2A0AA86200FC63E5 /* Genre.swift */ = {isa = PBXFileReference; lastKnownFileType = sourcecode.swift; path = Genre.swift; sourceTree = "<group>"; };
		74B8D3BF2A0AAA2B00FC63E5 /* APICaller.swift */ = {isa = PBXFileReference; lastKnownFileType = sourcecode.swift; path = APICaller.swift; sourceTree = "<group>"; };
		74B8D3C12A0ABC3200FC63E5 /* Artist.swift */ = {isa = PBXFileReference; lastKnownFileType = sourcecode.swift; path = Artist.swift; sourceTree = "<group>"; };
		74B8D3C52A0ABE6200FC63E5 /* ArtistViewController.swift */ = {isa = PBXFileReference; lastKnownFileType = sourcecode.swift; path = ArtistViewController.swift; sourceTree = "<group>"; };
		74B8D3C82A0ABEBE00FC63E5 /* ArtistCollectionViewCell.swift */ = {isa = PBXFileReference; lastKnownFileType = sourcecode.swift; path = ArtistCollectionViewCell.swift; sourceTree = "<group>"; };
		74B8D3CC2A0AC8EA00FC63E5 /* AlbumViewController.swift */ = {isa = PBXFileReference; lastKnownFileType = sourcecode.swift; path = AlbumViewController.swift; sourceTree = "<group>"; };
		74B8D3CF2A0ACA1200FC63E5 /* AlbumTableViewCell.swift */ = {isa = PBXFileReference; lastKnownFileType = sourcecode.swift; path = AlbumTableViewCell.swift; sourceTree = "<group>"; };
		74B8D3D12A0ACCC400FC63E5 /* ArtistAlbums.swift */ = {isa = PBXFileReference; lastKnownFileType = sourcecode.swift; path = ArtistAlbums.swift; sourceTree = "<group>"; };
/* End PBXFileReference section */

/* Begin PBXFrameworksBuildPhase section */
		74B8D3972A0AA51800FC63E5 /* Frameworks */ = {
			isa = PBXFrameworksBuildPhase;
			buildActionMask = 2147483647;
			files = (
			);
			runOnlyForDeploymentPostprocessing = 0;
		};
/* End PBXFrameworksBuildPhase section */

/* Begin PBXGroup section */
		74B8D3912A0AA51800FC63E5 = {
			isa = PBXGroup;
			children = (
				74B8D39C2A0AA51800FC63E5 /* DeezerApp */,
				74B8D39B2A0AA51800FC63E5 /* Products */,
			);
			sourceTree = "<group>";
		};
		74B8D39B2A0AA51800FC63E5 /* Products */ = {
			isa = PBXGroup;
			children = (
				74B8D39A2A0AA51800FC63E5 /* DeezerApp.app */,
			);
			name = Products;
			sourceTree = "<group>";
		};
		74B8D39C2A0AA51800FC63E5 /* DeezerApp */ = {
			isa = PBXGroup;
			children = (
				74B8D3B12A0AA58800FC63E5 /* App */,
				74B8D3B22A0AA5B800FC63E5 /* Common */,
				74B8D3B32A0AA5BF00FC63E5 /* Scene */,
				74B8D3B42A0AA5C400FC63E5 /* Resources */,
			);
			path = DeezerApp;
			sourceTree = "<group>";
		};
		74B8D3B12A0AA58800FC63E5 /* App */ = {
			isa = PBXGroup;
			children = (
				74B8D39D2A0AA51800FC63E5 /* AppDelegate.swift */,
				74B8D39F2A0AA51800FC63E5 /* SceneDelegate.swift */,
			);
			path = App;
			sourceTree = "<group>";
		};
		74B8D3B22A0AA5B800FC63E5 /* Common */ = {
			isa = PBXGroup;
			children = (
				74B8D3BE2A0AAA1300FC63E5 /* Service */,
				74B8D3BB2A0AA85300FC63E5 /* Model */,
			);
			path = Common;
			sourceTree = "<group>";
		};
		74B8D3B32A0AA5BF00FC63E5 /* Scene */ = {
			isa = PBXGroup;
			children = (
				74B8D3CA2A0AC82000FC63E5 /* Album */,
				74B8D3C32A0ABE3E00FC63E5 /* Artist */,
				74B8D3B52A0AA62600FC63E5 /* Category */,
			);
			path = Scene;
			sourceTree = "<group>";
		};
		74B8D3B42A0AA5C400FC63E5 /* Resources */ = {
			isa = PBXGroup;
			children = (
				74B8D3A82A0AA51800FC63E5 /* LaunchScreen.storyboard */,
				74B8D3A32A0AA51800FC63E5 /* Main.storyboard */,
				74B8D3A62A0AA51800FC63E5 /* Assets.xcassets */,
				74B8D3AB2A0AA51800FC63E5 /* Info.plist */,
			);
			path = Resources;
			sourceTree = "<group>";
		};
		74B8D3B52A0AA62600FC63E5 /* Category */ = {
			isa = PBXGroup;
			children = (
				74B8D3B62A0AA62C00FC63E5 /* View */,
			);
			path = Category;
			sourceTree = "<group>";
		};
		74B8D3B62A0AA62C00FC63E5 /* View */ = {
			isa = PBXGroup;
			children = (
				74B8D3B82A0AA75000FC63E5 /* Cell */,
				74B8D3A12A0AA51800FC63E5 /* CategoryViewController.swift */,
			);
			path = View;
			sourceTree = "<group>";
		};
		74B8D3B82A0AA75000FC63E5 /* Cell */ = {
			isa = PBXGroup;
			children = (
				74B8D3B92A0AA76F00FC63E5 /* CategoryCollectionViewCell.swift */,
			);
			path = Cell;
			sourceTree = "<group>";
		};
		74B8D3BB2A0AA85300FC63E5 /* Model */ = {
			isa = PBXGroup;
			children = (
				74B8D3BC2A0AA86200FC63E5 /* Genre.swift */,
				74B8D3C12A0ABC3200FC63E5 /* Artist.swift */,
				74B8D3D12A0ACCC400FC63E5 /* ArtistAlbums.swift */,
			);
			path = Model;
			sourceTree = "<group>";
		};
		74B8D3BE2A0AAA1300FC63E5 /* Service */ = {
			isa = PBXGroup;
			children = (
				74B8D3BF2A0AAA2B00FC63E5 /* APICaller.swift */,
			);
			path = Service;
			sourceTree = "<group>";
		};
		74B8D3C32A0ABE3E00FC63E5 /* Artist */ = {
			isa = PBXGroup;
			children = (
				74B8D3C42A0ABE4500FC63E5 /* View */,
			);
			path = Artist;
			sourceTree = "<group>";
		};
		74B8D3C42A0ABE4500FC63E5 /* View */ = {
			isa = PBXGroup;
			children = (
				74B8D3C72A0ABE9400FC63E5 /* Cell */,
				74B8D3C52A0ABE6200FC63E5 /* ArtistViewController.swift */,
			);
			path = View;
			sourceTree = "<group>";
		};
		74B8D3C72A0ABE9400FC63E5 /* Cell */ = {
			isa = PBXGroup;
			children = (
				74B8D3C82A0ABEBE00FC63E5 /* ArtistCollectionViewCell.swift */,
			);
			path = Cell;
			sourceTree = "<group>";
		};
		74B8D3CA2A0AC82000FC63E5 /* Album */ = {
			isa = PBXGroup;
			children = (
				74B8D3CB2A0AC87700FC63E5 /* View */,
			);
			path = Album;
			sourceTree = "<group>";
		};
		74B8D3CB2A0AC87700FC63E5 /* View */ = {
			isa = PBXGroup;
			children = (
				74B8D3CE2A0AC9F900FC63E5 /* Cell */,
				74B8D3CC2A0AC8EA00FC63E5 /* AlbumViewController.swift */,
			);
			path = View;
			sourceTree = "<group>";
		};
		74B8D3CE2A0AC9F900FC63E5 /* Cell */ = {
			isa = PBXGroup;
			children = (
				74B8D3CF2A0ACA1200FC63E5 /* AlbumTableViewCell.swift */,
			);
			path = Cell;
			sourceTree = "<group>";
		};
/* End PBXGroup section */

/* Begin PBXNativeTarget section */
		74B8D3992A0AA51800FC63E5 /* DeezerApp */ = {
			isa = PBXNativeTarget;
			buildConfigurationList = 74B8D3AE2A0AA51800FC63E5 /* Build configuration list for PBXNativeTarget "DeezerApp" */;
			buildPhases = (
				74B8D3962A0AA51800FC63E5 /* Sources */,
				74B8D3972A0AA51800FC63E5 /* Frameworks */,
				74B8D3982A0AA51800FC63E5 /* Resources */,
			);
			buildRules = (
			);
			dependencies = (
			);
			name = DeezerApp;
			productName = DeezerApp;
			productReference = 74B8D39A2A0AA51800FC63E5 /* DeezerApp.app */;
			productType = "com.apple.product-type.application";
		};
/* End PBXNativeTarget section */

/* Begin PBXProject section */
		74B8D3922A0AA51800FC63E5 /* Project object */ = {
			isa = PBXProject;
			attributes = {
				BuildIndependentTargetsInParallel = 1;
				LastSwiftUpdateCheck = 1420;
				LastUpgradeCheck = 1420;
				TargetAttributes = {
					74B8D3992A0AA51800FC63E5 = {
						CreatedOnToolsVersion = 14.2;
					};
				};
			};
			buildConfigurationList = 74B8D3952A0AA51800FC63E5 /* Build configuration list for PBXProject "DeezerApp" */;
			compatibilityVersion = "Xcode 14.0";
			developmentRegion = en;
			hasScannedForEncodings = 0;
			knownRegions = (
				en,
				Base,
			);
			mainGroup = 74B8D3912A0AA51800FC63E5;
			productRefGroup = 74B8D39B2A0AA51800FC63E5 /* Products */;
			projectDirPath = "";
			projectRoot = "";
			targets = (
				74B8D3992A0AA51800FC63E5 /* DeezerApp */,
			);
		};
/* End PBXProject section */

/* Begin PBXResourcesBuildPhase section */
		74B8D3982A0AA51800FC63E5 /* Resources */ = {
			isa = PBXResourcesBuildPhase;
			buildActionMask = 2147483647;
			files = (
				74B8D3AA2A0AA51800FC63E5 /* LaunchScreen.storyboard in Resources */,
				74B8D3A72A0AA51800FC63E5 /* Assets.xcassets in Resources */,
				74B8D3A52A0AA51800FC63E5 /* Main.storyboard in Resources */,
			);
			runOnlyForDeploymentPostprocessing = 0;
		};
/* End PBXResourcesBuildPhase section */

/* Begin PBXSourcesBuildPhase section */
		74B8D3962A0AA51800FC63E5 /* Sources */ = {
			isa = PBXSourcesBuildPhase;
			buildActionMask = 2147483647;
			files = (
				74B8D3BA2A0AA76F00FC63E5 /* CategoryCollectionViewCell.swift in Sources */,
				74B8D3C02A0AAA2B00FC63E5 /* APICaller.swift in Sources */,
				74B8D3A22A0AA51800FC63E5 /* CategoryViewController.swift in Sources */,
				74B8D3D02A0ACA1200FC63E5 /* AlbumTableViewCell.swift in Sources */,
				74B8D3C62A0ABE6200FC63E5 /* ArtistViewController.swift in Sources */,
				74B8D39E2A0AA51800FC63E5 /* AppDelegate.swift in Sources */,
				74B8D3C92A0ABEBE00FC63E5 /* ArtistCollectionViewCell.swift in Sources */,
				74B8D3CD2A0AC8EA00FC63E5 /* AlbumViewController.swift in Sources */,
				74B8D3D22A0ACCC400FC63E5 /* ArtistAlbums.swift in Sources */,
				74B8D3A02A0AA51800FC63E5 /* SceneDelegate.swift in Sources */,
				74B8D3BD2A0AA86200FC63E5 /* Genre.swift in Sources */,
				74B8D3C22A0ABC3200FC63E5 /* Artist.swift in Sources */,
			);
			runOnlyForDeploymentPostprocessing = 0;
		};
/* End PBXSourcesBuildPhase section */

/* Begin PBXVariantGroup section */
		74B8D3A32A0AA51800FC63E5 /* Main.storyboard */ = {
			isa = PBXVariantGroup;
			children = (
				74B8D3A42A0AA51800FC63E5 /* Base */,
			);
			name = Main.storyboard;
			sourceTree = "<group>";
		};
		74B8D3A82A0AA51800FC63E5 /* LaunchScreen.storyboard */ = {
			isa = PBXVariantGroup;
			children = (
				74B8D3A92A0AA51800FC63E5 /* Base */,
			);
			name = LaunchScreen.storyboard;
			sourceTree = "<group>";
		};
/* End PBXVariantGroup section */

/* Begin XCBuildConfiguration section */
		74B8D3AC2A0AA51800FC63E5 /* Debug */ = {
			isa = XCBuildConfiguration;
			buildSettings = {
				ALWAYS_SEARCH_USER_PATHS = NO;
				CLANG_ANALYZER_NONNULL = YES;
				CLANG_ANALYZER_NUMBER_OBJECT_CONVERSION = YES_AGGRESSIVE;
				CLANG_CXX_LANGUAGE_STANDARD = "gnu++20";
				CLANG_ENABLE_MODULES = YES;
				CLANG_ENABLE_OBJC_ARC = YES;
				CLANG_ENABLE_OBJC_WEAK = YES;
				CLANG_WARN_BLOCK_CAPTURE_AUTORELEASING = YES;
				CLANG_WARN_BOOL_CONVERSION = YES;
				CLANG_WARN_COMMA = YES;
				CLANG_WARN_CONSTANT_CONVERSION = YES;
				CLANG_WARN_DEPRECATED_OBJC_IMPLEMENTATIONS = YES;
				CLANG_WARN_DIRECT_OBJC_ISA_USAGE = YES_ERROR;
				CLANG_WARN_DOCUMENTATION_COMMENTS = YES;
				CLANG_WARN_EMPTY_BODY = YES;
				CLANG_WARN_ENUM_CONVERSION = YES;
				CLANG_WARN_INFINITE_RECURSION = YES;
				CLANG_WARN_INT_CONVERSION = YES;
				CLANG_WARN_NON_LITERAL_NULL_CONVERSION = YES;
				CLANG_WARN_OBJC_IMPLICIT_RETAIN_SELF = YES;
				CLANG_WARN_OBJC_LITERAL_CONVERSION = YES;
				CLANG_WARN_OBJC_ROOT_CLASS = YES_ERROR;
				CLANG_WARN_QUOTED_INCLUDE_IN_FRAMEWORK_HEADER = YES;
				CLANG_WARN_RANGE_LOOP_ANALYSIS = YES;
				CLANG_WARN_STRICT_PROTOTYPES = YES;
				CLANG_WARN_SUSPICIOUS_MOVE = YES;
				CLANG_WARN_UNGUARDED_AVAILABILITY = YES_AGGRESSIVE;
				CLANG_WARN_UNREACHABLE_CODE = YES;
				CLANG_WARN__DUPLICATE_METHOD_MATCH = YES;
				COPY_PHASE_STRIP = NO;
				DEBUG_INFORMATION_FORMAT = dwarf;
				ENABLE_STRICT_OBJC_MSGSEND = YES;
				ENABLE_TESTABILITY = YES;
				GCC_C_LANGUAGE_STANDARD = gnu11;
				GCC_DYNAMIC_NO_PIC = NO;
				GCC_NO_COMMON_BLOCKS = YES;
				GCC_OPTIMIZATION_LEVEL = 0;
				GCC_PREPROCESSOR_DEFINITIONS = (
					"DEBUG=1",
					"$(inherited)",
				);
				GCC_WARN_64_TO_32_BIT_CONVERSION = YES;
				GCC_WARN_ABOUT_RETURN_TYPE = YES_ERROR;
				GCC_WARN_UNDECLARED_SELECTOR = YES;
				GCC_WARN_UNINITIALIZED_AUTOS = YES_AGGRESSIVE;
				GCC_WARN_UNUSED_FUNCTION = YES;
				GCC_WARN_UNUSED_VARIABLE = YES;
				IPHONEOS_DEPLOYMENT_TARGET = 16.2;
				MTL_ENABLE_DEBUG_INFO = INCLUDE_SOURCE;
				MTL_FAST_MATH = YES;
				ONLY_ACTIVE_ARCH = YES;
				SDKROOT = iphoneos;
				SWIFT_ACTIVE_COMPILATION_CONDITIONS = DEBUG;
				SWIFT_OPTIMIZATION_LEVEL = "-Onone";
			};
			name = Debug;
		};
		74B8D3AD2A0AA51800FC63E5 /* Release */ = {
			isa = XCBuildConfiguration;
			buildSettings = {
				ALWAYS_SEARCH_USER_PATHS = NO;
				CLANG_ANALYZER_NONNULL = YES;
				CLANG_ANALYZER_NUMBER_OBJECT_CONVERSION = YES_AGGRESSIVE;
				CLANG_CXX_LANGUAGE_STANDARD = "gnu++20";
				CLANG_ENABLE_MODULES = YES;
				CLANG_ENABLE_OBJC_ARC = YES;
				CLANG_ENABLE_OBJC_WEAK = YES;
				CLANG_WARN_BLOCK_CAPTURE_AUTORELEASING = YES;
				CLANG_WARN_BOOL_CONVERSION = YES;
				CLANG_WARN_COMMA = YES;
				CLANG_WARN_CONSTANT_CONVERSION = YES;
				CLANG_WARN_DEPRECATED_OBJC_IMPLEMENTATIONS = YES;
				CLANG_WARN_DIRECT_OBJC_ISA_USAGE = YES_ERROR;
				CLANG_WARN_DOCUMENTATION_COMMENTS = YES;
				CLANG_WARN_EMPTY_BODY = YES;
				CLANG_WARN_ENUM_CONVERSION = YES;
				CLANG_WARN_INFINITE_RECURSION = YES;
				CLANG_WARN_INT_CONVERSION = YES;
				CLANG_WARN_NON_LITERAL_NULL_CONVERSION = YES;
				CLANG_WARN_OBJC_IMPLICIT_RETAIN_SELF = YES;
				CLANG_WARN_OBJC_LITERAL_CONVERSION = YES;
				CLANG_WARN_OBJC_ROOT_CLASS = YES_ERROR;
				CLANG_WARN_QUOTED_INCLUDE_IN_FRAMEWORK_HEADER = YES;
				CLANG_WARN_RANGE_LOOP_ANALYSIS = YES;
				CLANG_WARN_STRICT_PROTOTYPES = YES;
				CLANG_WARN_SUSPICIOUS_MOVE = YES;
				CLANG_WARN_UNGUARDED_AVAILABILITY = YES_AGGRESSIVE;
				CLANG_WARN_UNREACHABLE_CODE = YES;
				CLANG_WARN__DUPLICATE_METHOD_MATCH = YES;
				COPY_PHASE_STRIP = NO;
				DEBUG_INFORMATION_FORMAT = "dwarf-with-dsym";
				ENABLE_NS_ASSERTIONS = NO;
				ENABLE_STRICT_OBJC_MSGSEND = YES;
				GCC_C_LANGUAGE_STANDARD = gnu11;
				GCC_NO_COMMON_BLOCKS = YES;
				GCC_WARN_64_TO_32_BIT_CONVERSION = YES;
				GCC_WARN_ABOUT_RETURN_TYPE = YES_ERROR;
				GCC_WARN_UNDECLARED_SELECTOR = YES;
				GCC_WARN_UNINITIALIZED_AUTOS = YES_AGGRESSIVE;
				GCC_WARN_UNUSED_FUNCTION = YES;
				GCC_WARN_UNUSED_VARIABLE = YES;
				IPHONEOS_DEPLOYMENT_TARGET = 16.2;
				MTL_ENABLE_DEBUG_INFO = NO;
				MTL_FAST_MATH = YES;
				SDKROOT = iphoneos;
				SWIFT_COMPILATION_MODE = wholemodule;
				SWIFT_OPTIMIZATION_LEVEL = "-O";
				VALIDATE_PRODUCT = YES;
			};
			name = Release;
		};
		74B8D3AF2A0AA51800FC63E5 /* Debug */ = {
			isa = XCBuildConfiguration;
			buildSettings = {
				ASSETCATALOG_COMPILER_APPICON_NAME = AppIcon;
				ASSETCATALOG_COMPILER_GLOBAL_ACCENT_COLOR_NAME = AccentColor;
				CODE_SIGN_STYLE = Automatic;
				CURRENT_PROJECT_VERSION = 1;
				DEVELOPMENT_TEAM = 3CY5GSUS4Z;
				GENERATE_INFOPLIST_FILE = YES;
				INFOPLIST_FILE = DeezerApp/Resources/Info.plist;
				INFOPLIST_KEY_UIApplicationSupportsIndirectInputEvents = YES;
				INFOPLIST_KEY_UILaunchStoryboardName = LaunchScreen;
				INFOPLIST_KEY_UIMainStoryboardFile = Main;
				INFOPLIST_KEY_UISupportedInterfaceOrientations_iPad = "UIInterfaceOrientationPortrait UIInterfaceOrientationPortraitUpsideDown UIInterfaceOrientationLandscapeLeft UIInterfaceOrientationLandscapeRight";
				INFOPLIST_KEY_UISupportedInterfaceOrientations_iPhone = "UIInterfaceOrientationPortrait UIInterfaceOrientationLandscapeLeft UIInterfaceOrientationLandscapeRight";
				LD_RUNPATH_SEARCH_PATHS = (
					"$(inherited)",
					"@executable_path/Frameworks",
				);
				MARKETING_VERSION = 1.0;
				PRODUCT_BUNDLE_IDENTIFIER = com.demir.DeezerApp;
				PRODUCT_NAME = "$(TARGET_NAME)";
				SWIFT_EMIT_LOC_STRINGS = YES;
				SWIFT_VERSION = 5.0;
				TARGETED_DEVICE_FAMILY = "1,2";
			};
			name = Debug;
		};
		74B8D3B02A0AA51800FC63E5 /* Release */ = {
			isa = XCBuildConfiguration;
			buildSettings = {
				ASSETCATALOG_COMPILER_APPICON_NAME = AppIcon;
				ASSETCATALOG_COMPILER_GLOBAL_ACCENT_COLOR_NAME = AccentColor;
				CODE_SIGN_STYLE = Automatic;
				CURRENT_PROJECT_VERSION = 1;
				DEVELOPMENT_TEAM = 3CY5GSUS4Z;
				GENERATE_INFOPLIST_FILE = YES;
				INFOPLIST_FILE = DeezerApp/Resources/Info.plist;
				INFOPLIST_KEY_UIApplicationSupportsIndirectInputEvents = YES;
				INFOPLIST_KEY_UILaunchStoryboardName = LaunchScreen;
				INFOPLIST_KEY_UIMainStoryboardFile = Main;
				INFOPLIST_KEY_UISupportedInterfaceOrientations_iPad = "UIInterfaceOrientationPortrait UIInterfaceOrientationPortraitUpsideDown UIInterfaceOrientationLandscapeLeft UIInterfaceOrientationLandscapeRight";
				INFOPLIST_KEY_UISupportedInterfaceOrientations_iPhone = "UIInterfaceOrientationPortrait UIInterfaceOrientationLandscapeLeft UIInterfaceOrientationLandscapeRight";
				LD_RUNPATH_SEARCH_PATHS = (
					"$(inherited)",
					"@executable_path/Frameworks",
				);
				MARKETING_VERSION = 1.0;
				PRODUCT_BUNDLE_IDENTIFIER = com.demir.DeezerApp;
				PRODUCT_NAME = "$(TARGET_NAME)";
				SWIFT_EMIT_LOC_STRINGS = YES;
				SWIFT_VERSION = 5.0;
				TARGETED_DEVICE_FAMILY = "1,2";
			};
			name = Release;
		};
/* End XCBuildConfiguration section */

/* Begin XCConfigurationList section */
		74B8D3952A0AA51800FC63E5 /* Build configuration list for PBXProject "DeezerApp" */ = {
			isa = XCConfigurationList;
			buildConfigurations = (
				74B8D3AC2A0AA51800FC63E5 /* Debug */,
				74B8D3AD2A0AA51800FC63E5 /* Release */,
			);
			defaultConfigurationIsVisible = 0;
			defaultConfigurationName = Release;
		};
		74B8D3AE2A0AA51800FC63E5 /* Build configuration list for PBXNativeTarget "DeezerApp" */ = {
			isa = XCConfigurationList;
			buildConfigurations = (
				74B8D3AF2A0AA51800FC63E5 /* Debug */,
				74B8D3B02A0AA51800FC63E5 /* Release */,
			);
			defaultConfigurationIsVisible = 0;
			defaultConfigurationName = Release;
		};
/* End XCConfigurationList section */
	};
	rootObject = 74B8D3922A0AA51800FC63E5 /* Project object */;
}
